Microsoft Visual Studio Solution File, Format Version 12.00
# Visual Studio Version 17
VisualStudioVersion = 17.8.34330.188
MinimumVisualStudioVersion = 10.0.40219.1
Project("{FAE04EC0-301F-11D3-BF4B-00C04F79EFBC}") = "GestoreMagazzino", "src/GestoreMagazzino.csproj", "{3B4CB8E1-DA7E-4892-A899-E79A2BE67843}"
EndProject
Project("{FAE04EC0-301F-11D3-BF4B-00C04F79EFBC}") = "GestoreMagazzino.Tests", "tests/GestoreMagazzino.Tests.csproj", "{AE4F6F28-676F-48E6-9F63-1CF6A9FD87DD}"
EndProject
Global
    GlobalSection(SolutionConfigurationPlatforms) = preSolution
        Debug|Any CPU = Debug|Any CPU
        Release|Any CPU = Release|Any CPU
    EndGlobalSection
    GlobalSection(ProjectConfigurationPlatforms) = postSolution
        {3B4CB8E1-DA7E-4892-A899-E79A2BE67843}.Debug|Any CPU.ActiveCfg = Debug|Any CPU
        {3B4CB8E1-DA7E-4892-A899-E79A2BE67843}.Debug|Any CPU.Build.0 = Debug|Any CPU
        {3B4CB8E1-DA7E-4892-A899-E79A2BE67843}.Release|Any CPU.ActiveCfg = Release|Any CPU
        {3B4CB8E1-DA7E-4892-A899-E79A2BE67843}.Release|Any CPU.Build.0 = Release|Any CPU
        {AE4F6F28-676F-48E6-9F63-1CF6A9FD87DD}.Debug|Any CPU.ActiveCfg = Debug|Any CPU
        {AE4F6F28-676F-48E6-9F63-1CF6A9FD87DD}.Debug|Any CPU.Build.0 = Debug|Any CPU
        {AE4F6F28-676F-48E6-9F63-1CF6A9FD87DD}.Release|Any CPU.ActiveCfg = Release|Any CPU
        {AE4F6F28-676F-48E6-9F63-1CF6A9FD87DD}.Release|Any CPU.Build.0 = Release|Any CPU
    EndGlobalSection
    GlobalSection(SolutionProperties) = preSolution
        HideSolutionNode = FALSE
    EndGlobalSection
EndGlobal
