Microsoft Visual Studio Solution File, Format Version 12.00
# Visual Studio Version 17
VisualStudioVersion = 17.0.32319.34
MinimumVisualStudioVersion = 10.0.40219.1
Project("{FAE04EC0-301F-11D3-BF4B-00C04F79EFBC}") = "Pomodoro.App", "src/Pomodoro.App/Pomodoro.App.csproj", "{68B486E0-D616-4A6A-9DC1-B490BD1EFABA}"
EndProject
Project("{FAE04EC0-301F-11D3-BF4B-00C04F79EFBC}") = "Pomodoro.Tests", "tests/Pomodoro.Tests/Pomodoro.Tests.csproj", "{D11A6D3F-2B5A-4405-9F85-361788A7A5E5}"
EndProject
Global
    GlobalSection(SolutionConfigurationPlatforms) = preSolution
        Debug|Any CPU = Debug|Any CPU
        Release|Any CPU = Release|Any CPU
    EndGlobalSection
    GlobalSection(ProjectConfigurationPlatforms) = postSolution
        {68B486E0-D616-4A6A-9DC1-B490BD1EFABA}.Debug|Any CPU.ActiveCfg = Debug|Any CPU
        {68B486E0-D616-4A6A-9DC1-B490BD1EFABA}.Debug|Any CPU.Build.0 = Debug|Any CPU
        {68B486E0-D616-4A6A-9DC1-B490BD1EFABA}.Release|Any CPU.ActiveCfg = Release|Any CPU
        {68B486E0-D616-4A6A-9DC1-B490BD1EFABA}.Release|Any CPU.Build.0 = Release|Any CPU
        {D11A6D3F-2B5A-4405-9F85-361788A7A5E5}.Debug|Any CPU.ActiveCfg = Debug|Any CPU
        {D11A6D3F-2B5A-4405-9F85-361788A7A5E5}.Debug|Any CPU.Build.0 = Debug|Any CPU
        {D11A6D3F-2B5A-4405-9F85-361788A7A5E5}.Release|Any CPU.ActiveCfg = Release|Any CPU
        {D11A6D3F-2B5A-4405-9F85-361788A7A5E5}.Release|Any CPU.Build.0 = Release|Any CPU
    EndGlobalSection
    GlobalSection(SolutionProperties) = preSolution
        HideSolutionNode = FALSE
    EndGlobalSection
EndGlobal
