Microsoft Visual Studio Solution File, Format Version 12.00
# Visual Studio Version 17
VisualStudioVersion = 17.0.31912.275
MinimumVisualStudioVersion = 10.0.40219.1
Project("{FAE04EC0-301F-11D3-BF4B-00C04F79EFBC}") = "RandomUserShifts.App", "src/RandomUserShifts.App/RandomUserShifts.App.csproj", "{5B4C7ECF-49A4-4F1E-B08C-1F30A2B74F10}"
EndProject
Project("{FAE04EC0-301F-11D3-BF4B-00C04F79EFBC}") = "RandomUserShifts.Domain", "src/RandomUserShifts.Domain/RandomUserShifts.Domain.csproj", "{B57DF5F8-B9FB-4D6F-B522-722E0F05DA4E}"
EndProject
Project("{FAE04EC0-301F-11D3-BF4B-00C04F79EFBC}") = "RandomUserShifts.Infrastructure", "src/RandomUserShifts.Infrastructure/RandomUserShifts.Infrastructure.csproj", "{7DC1E403-94A7-4C2E-B9F4-25C5D0CD45AB}"
EndProject
Project("{FAE04EC0-301F-11D3-BF4B-00C04F79EFBC}") = "RandomUserShifts.Strategies", "src/RandomUserShifts.Strategies/RandomUserShifts.Strategies.csproj", "{F93BF3A5-83E1-4A60-A0A6-0CDFDC228B9C}"
EndProject
Project("{FAE04EC0-301F-11D3-BF4B-00C04F79EFBC}") = "RandomUserShifts.Tests", "tests/RandomUserShifts.Tests/RandomUserShifts.Tests.csproj", "{A8D09D1D-9F8A-45AC-86D3-AD54F2FFB5B6}"
EndProject
Global
  GlobalSection(SolutionConfigurationPlatforms) = preSolution
    Debug|Any CPU = Debug|Any CPU
    Release|Any CPU = Release|Any CPU
  EndGlobalSection
  GlobalSection(ProjectConfigurationPlatforms) = postSolution
    {5B4C7ECF-49A4-4F1E-B08C-1F30A2B74F10}.Debug|Any CPU.ActiveCfg = Debug|Any CPU
    {5B4C7ECF-49A4-4F1E-B08C-1F30A2B74F10}.Debug|Any CPU.Build.0 = Debug|Any CPU
    {5B4C7ECF-49A4-4F1E-B08C-1F30A2B74F10}.Release|Any CPU.ActiveCfg = Release|Any CPU
    {5B4C7ECF-49A4-4F1E-B08C-1F30A2B74F10}.Release|Any CPU.Build.0 = Release|Any CPU
    {B57DF5F8-B9FB-4D6F-B522-722E0F05DA4E}.Debug|Any CPU.ActiveCfg = Debug|Any CPU
    {B57DF5F8-B9FB-4D6F-B522-722E0F05DA4E}.Debug|Any CPU.Build.0 = Debug|Any CPU
    {B57DF5F8-B9FB-4D6F-B522-722E0F05DA4E}.Release|Any CPU.ActiveCfg = Release|Any CPU
    {B57DF5F8-B9FB-4D6F-B522-722E0F05DA4E}.Release|Any CPU.Build.0 = Release|Any CPU
    {7DC1E403-94A7-4C2E-B9F4-25C5D0CD45AB}.Debug|Any CPU.ActiveCfg = Debug|Any CPU
    {7DC1E403-94A7-4C2E-B9F4-25C5D0CD45AB}.Debug|Any CPU.Build.0 = Debug|Any CPU
    {7DC1E403-94A7-4C2E-B9F4-25C5D0CD45AB}.Release|Any CPU.ActiveCfg = Release|Any CPU
    {7DC1E403-94A7-4C2E-B9F4-25C5D0CD45AB}.Release|Any CPU.Build.0 = Release|Any CPU
    {F93BF3A5-83E1-4A60-A0A6-0CDFDC228B9C}.Debug|Any CPU.ActiveCfg = Debug|Any CPU
    {F93BF3A5-83E1-4A60-A0A6-0CDFDC228B9C}.Debug|Any CPU.Build.0 = Debug|Any CPU
    {F93BF3A5-83E1-4A60-A0A6-0CDFDC228B9C}.Release|Any CPU.ActiveCfg = Release|Any CPU
    {F93BF3A5-83E1-4A60-A0A6-0CDFDC228B9C}.Release|Any CPU.Build.0 = Release|Any CPU
    {A8D09D1D-9F8A-45AC-86D3-AD54F2FFB5B6}.Debug|Any CPU.ActiveCfg = Debug|Any CPU
    {A8D09D1D-9F8A-45AC-86D3-AD54F2FFB5B6}.Debug|Any CPU.Build.0 = Debug|Any CPU
    {A8D09D1D-9F8A-45AC-86D3-AD54F2FFB5B6}.Release|Any CPU.ActiveCfg = Release|Any CPU
    {A8D09D1D-9F8A-45AC-86D3-AD54F2FFB5B6}.Release|Any CPU.Build.0 = Release|Any CPU
  EndGlobalSection
  GlobalSection(SolutionProperties) = preSolution
    HideSolutionNode = FALSE
  EndGlobalSection
EndGlobal
